
Microsoft Visual Studio Solution File, Format Version 12.00
# Visual Studio Version 17
VisualStudioVersion = 17.5.002.0
MinimumVisualStudioVersion = 10.0.40219.1
Project("{9A19103F-16F7-4668-BE54-9A1E7A4F7556}") = "Osmismerka", "Osmismerka.csproj", "{67CC192F-49DE-4603-88C8-C0A7892FF011}"
EndProject
Global
	GlobalSection(SolutionConfigurationPlatforms) = preSolution
		Debug|Any CPU = Debug|Any CPU
		Release|Any CPU = Release|Any CPU
	EndGlobalSection
	GlobalSection(ProjectConfigurationPlatforms) = postSolution
		{67CC192F-49DE-4603-88C8-C0A7892FF011}.Debug|Any CPU.ActiveCfg = Debug|Any CPU
		{67CC192F-49DE-4603-88C8-C0A7892FF011}.Debug|Any CPU.Build.0 = Debug|Any CPU
		{67CC192F-49DE-4603-88C8-C0A7892FF011}.Release|Any CPU.ActiveCfg = Release|Any CPU
		{67CC192F-49DE-4603-88C8-C0A7892FF011}.Release|Any CPU.Build.0 = Release|Any CPU
	EndGlobalSection
	GlobalSection(SolutionProperties) = preSolution
		HideSolutionNode = FALSE
	EndGlobalSection
	GlobalSection(ExtensibilityGlobals) = postSolution
		SolutionGuid = {CE7E7572-0755-40A9-B070-F28387B0C6EA}
	EndGlobalSection
EndGlobal
